
Microsoft Visual Studio Solution File, Format Version 12.00
# Visual Studio Version 17
VisualStudioVersion = 17.14.36119.2 d17.14
MinimumVisualStudioVersion = 10.0.40219.1
Project("{FAE04EC0-301F-11D3-BF4B-00C04F79EFBC}") = "WorkerServiceLinux", "WorkerServiceLinux.csproj", "{FF312A4F-DF3B-4C85-B919-C912795FC6BC}"
EndProject
Global
	GlobalSection(SolutionConfigurationPlatforms) = preSolution
		Debug|Any CPU = Debug|Any CPU
		Release|Any CPU = Release|Any CPU
	EndGlobalSection
	GlobalSection(ProjectConfigurationPlatforms) = postSolution
		{FF312A4F-DF3B-4C85-B919-C912795FC6BC}.Debug|Any CPU.ActiveCfg = Debug|Any CPU
		{FF312A4F-DF3B-4C85-B919-C912795FC6BC}.Debug|Any CPU.Build.0 = Debug|Any CPU
		{FF312A4F-DF3B-4C85-B919-C912795FC6BC}.Release|Any CPU.ActiveCfg = Release|Any CPU
		{FF312A4F-DF3B-4C85-B919-C912795FC6BC}.Release|Any CPU.Build.0 = Release|Any CPU
	EndGlobalSection
	GlobalSection(SolutionProperties) = preSolution
		HideSolutionNode = FALSE
	EndGlobalSection
	GlobalSection(ExtensibilityGlobals) = postSolution
		SolutionGuid = {AA912DEC-026B-463A-AC7F-37ADF0585E6D}
	EndGlobalSection
EndGlobal
